{"1.1.0",
[{<<"ddb_client">>,{pkg,<<"ddb_client">>,<<"0.5.5">>},1},
 {<<"ddb_connection">>,{pkg,<<"ddb_connection">>,<<"0.2.2">>},0},
 {<<"dproto">>,{pkg,<<"dproto">>,<<"0.4.1">>},0},
 {<<"dqe_idx">>,{pkg,<<"dqe_idx">>,<<"0.3.0">>},0},
 {<<"dynamic_compile">>,{pkg,<<"dynamic_compile">>,<<"1.0.0">>},2},
 {<<"ibrowse">>,{pkg,<<"ibrowse">>,<<"4.4.0">>},2},
 {<<"jsxd">>,{pkg,<<"jsxd">>,<<"0.2.4">>},1},
 {<<"mmath">>,{pkg,<<"mmath">>,<<"0.2.17">>},1},
 {<<"otters">>,{pkg,<<"otters">>,<<"0.2.8">>},1},
 {<<"poolboy">>,{pkg,<<"poolboy">>,<<"1.5.1">>},1},
 {<<"snappiest">>,{pkg,<<"snappiest">>,<<"1.2.0">>},1}]}.
[
{pkg_hash,[
 {<<"ddb_client">>, <<"86DDDCE3B379DD3B0B425299DCE86CA49AB00DE8B59DE876EF3F1FA780F39F11">>},
 {<<"ddb_connection">>, <<"0F4A7B76E265C4C1C45EE44791E4CC039AD695DA58653293EE6E148AFD6F1369">>},
 {<<"dproto">>, <<"A34C93BC248C9E06CF9098042EC14BB8B18A046FC5BFF986A128001F7E977C2F">>},
 {<<"dqe_idx">>, <<"EDCA91E5130C532D4B33AF678197ADC25AA4FA7471AC75033290F8AD8392874D">>},
 {<<"dynamic_compile">>, <<"8171B2CB4953EA3ED2EF63F5B26ABF677ACD0CA32210C2A08A7A8406A743F76B">>},
 {<<"ibrowse">>, <<"2D923325EFE0D2CB09B9C6A047B2835A5EDA69D8A47ED6FF8BC03628B764E991">>},
 {<<"jsxd">>, <<"C14114AFCA463F2D03D3FB6CC81FD51CDA8CA86A47E5AC3ABDF0CA572A73A413">>},
 {<<"mmath">>, <<"DFD52637B19F1EEF6B0AAAC473CAC2FC27A7190B6A6420454A917423527F3030">>},
 {<<"otters">>, <<"4D28D810E3311E9BC845FBA20EBBE88CFF4AC26320B56A277603DDE134F24DC1">>},
 {<<"poolboy">>, <<"6B46163901CFD0A1B43D692657ED9D7E599853B3B21B95AE5AE0A777CF9B6CA8">>},
 {<<"snappiest">>, <<"25706FEBB5ECAEA900D879A89C6D967C8D1BF700F8546BEBD0DEA514A8CCBFB7">>}]}
].
